schema: '2.0'
stages:
  load_data:
    cmd: python src/load_data.py --config=params.yaml
    deps:
    - path: data_given/winequality.csv
      md5: ccc8d3507eb151f53f760d36abdef888
      size: 91998
    - path: src/get_data.py
      md5: b3e3162eecf837cd0f713a7ca6d8ab0f
      size: 748
    - path: src/load_data.py
      md5: 9cebb154c58eb43ee2b54fca78956e1a
      size: 1893
    outs:
    - path: data/raw/winequality.csv
      md5: dcb9f7736a81b73cf4cf803b5ef3f07e
      size: 102550
